lockfileVersion: '9.0'

settings:
  autoInstallPeers: true
  excludeLinksFromLockfile: false

importers:

  .:
    devDependencies:
      syncpack:
        specifier: ^14.3.0
        version: 14.3.0

packages:

  syncpack-darwin-arm64@14.3.0:
    resolution: {integrity: sha512-gpbkBzO7yqa3BONc4EU3jY07yiPSZdoAxcpnz8REV9Bc6FkmKfOejCpYIh8RaogGPS4gOLJ/RUJEECqAaHTcjA==}
    cpu: [arm64]
    os: [darwin]

  syncpack-darwin-x64@14.3.0:
    resolution: {integrity: sha512-wTpl6Qj5qGIHrYhpCrlNnosmhQqvUoidqqmxtdM3f+j+b+OkTtpkUl2tdE28h3aeEEUPf9ClQnHuwRJMYNlrJw==}
    cpu: [x64]
    os: [darwin]

  syncpack-linux-arm64-musl@14.3.0:
    resolution: {integrity: sha512-AezJ5dv0s+l/p1l4/wBatYhM6SZEKLcyNKggSOX5uISzqbSKwj/Aak13pBXWarzS+N6LnOl4PMcwRMJPOUfN/g==}
    cpu: [arm64]
    os: [linux]

  syncpack-linux-arm64@14.3.0:
    resolution: {integrity: sha512-Vcf9zWkJGRqb5mGPKi9E+s/mB/Tw08LmKGRaiyKJjK8bhd1Ds65O8A2lOidy3jg0NOOojqREmDsli74Xd0z6KA==}
    cpu: [arm64]
    os: [linux]

  syncpack-linux-x64-musl@14.3.0:
    resolution: {integrity: sha512-tIRF0lvBJcoIwcO05/Q6j30CAg0jzn+A5eQL+06Ncq8CE5i8fBWrVwN1U/QQ4fzT+tondNWH/2BR5zlaB1VUpQ==}
    cpu: [x64]
    os: [linux]

  syncpack-linux-x64@14.3.0:
    resolution: {integrity: sha512-n/4iBJnoOCe5An+WYlaqfSxOKQ7Id3TZTpxOpI60Cucq3yqwq0JHQUielj6JBtVaxvo2rAsTwbCLyp2aB0SD2g==}
    cpu: [x64]
    os: [linux]

  syncpack-windows-arm64@14.3.0:
    resolution: {integrity: sha512-ZTX0rSUTJZjIde3qPKLEqU7IEt4KxFsmq6gKLfESx5rB1rxk/B1Ljv6nTYph5QVItEzHQHUXDWnqa9yCb15myw==}
    cpu: [arm64]
    os: [win32]

  syncpack-windows-x64@14.3.0:
    resolution: {integrity: sha512-zvbphZw40wFZYeEW2oJYqA9Uw6IOwNIpgFmVNdWdGmShPF/Zu1cavHEcGwtQmvVzwuTEyiu67uxQ3hDC2q6vtg==}
    cpu: [x64]
    os: [win32]

  syncpack@14.3.0:
    resolution: {integrity: sha512-8/WtPPxxGFqE21JPFz6Bpw0m9BT3lzMYDcewJFj++EBPmCaDWowTnx0R4V7ofH/1z3HAIaAps6g2GHL76l1Y2g==}
    engines: {node: '>=14.17.0'}
    hasBin: true

snapshots:

  syncpack-darwin-arm64@14.3.0:
    optional: true

  syncpack-darwin-x64@14.3.0:
    optional: true

  syncpack-linux-arm64-musl@14.3.0:
    optional: true

  syncpack-linux-arm64@14.3.0:
    optional: true

  syncpack-linux-x64-musl@14.3.0:
    optional: true

  syncpack-linux-x64@14.3.0:
    optional: true

  syncpack-windows-arm64@14.3.0:
    optional: true

  syncpack-windows-x64@14.3.0:
    optional: true

  syncpack@14.3.0:
    optionalDependencies:
      syncpack-darwin-arm64: 14.3.0
      syncpack-darwin-x64: 14.3.0
      syncpack-linux-arm64: 14.3.0
      syncpack-linux-arm64-musl: 14.3.0
      syncpack-linux-x64: 14.3.0
      syncpack-linux-x64-musl: 14.3.0
      syncpack-windows-arm64: 14.3.0
      syncpack-windows-x64: 14.3.0
